
Microsoft Visual Studio Solution File, Format Version 12.00
# Visual Studio 15
VisualStudioVersion = 15.0.26730.16
MinimumVisualStudioVersion = 10.0.40219.1
Project("{FAE04EC0-301F-11D3-BF4B-00C04F79EFBC}") = "TDDExample", "TDDExample\TDDExample.csproj", "{1D6B9C6F-0A7A-4C4C-ADFF-099C9C1AB872}"
EndProject
Project("{FAE04EC0-301F-11D3-BF4B-00C04F79EFBC}") = "TestLastExample", "TestLastExample\TestLastExample.csproj", "{26956EC7-8AE7-4B46-9D5B-9E00D632B677}"
EndProject
Project("{FAE04EC0-301F-11D3-BF4B-00C04F79EFBC}") = "Common", "Common\Common.csproj", "{F7B00F31-01BF-4B55-AC2B-0CE42F080EDF}"
EndProject
Project("{FAE04EC0-301F-11D3-BF4B-00C04F79EFBC}") = "TestFirstExample", "TestFirst\TestFirstExample.csproj", "{50262347-6864-4A76-94E5-897BF3775C77}"
EndProject
Project("{FAE04EC0-301F-11D3-BF4B-00C04F79EFBC}") = "TestLastGoodArchExample", "TestLastGoodArchExample\TestLastGoodArchExample.csproj", "{E04CBF78-0EDC-46DB-8596-790D2F9A6515}"
EndProject
Global
	GlobalSection(SolutionConfigurationPlatforms) = preSolution
		Debug|Any CPU = Debug|Any CPU
		Release|Any CPU = Release|Any CPU
	EndGlobalSection
	GlobalSection(ProjectConfigurationPlatforms) = postSolution
		{1D6B9C6F-0A7A-4C4C-ADFF-099C9C1AB872}.Debug|Any CPU.ActiveCfg = Debug|Any CPU
		{1D6B9C6F-0A7A-4C4C-ADFF-099C9C1AB872}.Debug|Any CPU.Build.0 = Debug|Any CPU
		{1D6B9C6F-0A7A-4C4C-ADFF-099C9C1AB872}.Release|Any CPU.ActiveCfg = Release|Any CPU
		{1D6B9C6F-0A7A-4C4C-ADFF-099C9C1AB872}.Release|Any CPU.Build.0 = Release|Any CPU
		{26956EC7-8AE7-4B46-9D5B-9E00D632B677}.Debug|Any CPU.ActiveCfg = Debug|Any CPU
		{26956EC7-8AE7-4B46-9D5B-9E00D632B677}.Debug|Any CPU.Build.0 = Debug|Any CPU
		{26956EC7-8AE7-4B46-9D5B-9E00D632B677}.Release|Any CPU.ActiveCfg = Release|Any CPU
		{26956EC7-8AE7-4B46-9D5B-9E00D632B677}.Release|Any CPU.Build.0 = Release|Any CPU
		{F7B00F31-01BF-4B55-AC2B-0CE42F080EDF}.Debug|Any CPU.ActiveCfg = Debug|Any CPU
		{F7B00F31-01BF-4B55-AC2B-0CE42F080EDF}.Debug|Any CPU.Build.0 = Debug|Any CPU
		{F7B00F31-01BF-4B55-AC2B-0CE42F080EDF}.Release|Any CPU.ActiveCfg = Release|Any CPU
		{F7B00F31-01BF-4B55-AC2B-0CE42F080EDF}.Release|Any CPU.Build.0 = Release|Any CPU
		{50262347-6864-4A76-94E5-897BF3775C77}.Debug|Any CPU.ActiveCfg = Debug|Any CPU
		{50262347-6864-4A76-94E5-897BF3775C77}.Debug|Any CPU.Build.0 = Debug|Any CPU
		{50262347-6864-4A76-94E5-897BF3775C77}.Release|Any CPU.ActiveCfg = Release|Any CPU
		{50262347-6864-4A76-94E5-897BF3775C77}.Release|Any CPU.Build.0 = Release|Any CPU
		{E04CBF78-0EDC-46DB-8596-790D2F9A6515}.Debug|Any CPU.ActiveCfg = Debug|Any CPU
		{E04CBF78-0EDC-46DB-8596-790D2F9A6515}.Debug|Any CPU.Build.0 = Debug|Any CPU
		{E04CBF78-0EDC-46DB-8596-790D2F9A6515}.Release|Any CPU.ActiveCfg = Release|Any CPU
		{E04CBF78-0EDC-46DB-8596-790D2F9A6515}.Release|Any CPU.Build.0 = Release|Any CPU
	EndGlobalSection
	GlobalSection(SolutionProperties) = preSolution
		HideSolutionNode = FALSE
	EndGlobalSection
	GlobalSection(ExtensibilityGlobals) = postSolution
		SolutionGuid = {41F2C1B7-954F-4DCC-86CD-0DB37140C4E1}
	EndGlobalSection
EndGlobal
